
Microsoft Visual Studio Solution File, Format Version 12.00
# Visual Studio Version 17
VisualStudioVersion = 17.4.33213.308
MinimumVisualStudioVersion = 10.0.40219.1
Project("{FAE04EC0-301F-11D3-BF4B-00C04F79EFBC}") = "CollageForm", "CollageForm\CollageForm.csproj", "{4F274DC8-71AA-47C9-BDBE-C16EEC9CE1CD}"
EndProject
Global
	GlobalSection(SolutionConfigurationPlatforms) = preSolution
		Debug|Any CPU = Debug|Any CPU
		Release|Any CPU = Release|Any CPU
	EndGlobalSection
	GlobalSection(ProjectConfigurationPlatforms) = postSolution
		{4F274DC8-71AA-47C9-BDBE-C16EEC9CE1CD}.Debug|Any CPU.ActiveCfg = Debug|Any CPU
		{4F274DC8-71AA-47C9-BDBE-C16EEC9CE1CD}.Debug|Any CPU.Build.0 = Debug|Any CPU
		{4F274DC8-71AA-47C9-BDBE-C16EEC9CE1CD}.Release|Any CPU.ActiveCfg = Release|Any CPU
		{4F274DC8-71AA-47C9-BDBE-C16EEC9CE1CD}.Release|Any CPU.Build.0 = Release|Any CPU
	EndGlobalSection
	GlobalSection(SolutionProperties) = preSolution
		HideSolutionNode = FALSE
	EndGlobalSection
	GlobalSection(ExtensibilityGlobals) = postSolution
		SolutionGuid = {134D6411-51DF-47BA-95FF-697CCD6D6DB6}
	EndGlobalSection
EndGlobal
